
Microsoft Visual Studio Solution File, Format Version 12.00
# Visual Studio Version 16
VisualStudioVersion = 16.0.29728.190
MinimumVisualStudioVersion = 10.0.40219.1
Project("{FAE04EC0-301F-11D3-BF4B-00C04F79EFBC}") = "Market.WebForms", "Market.WebForms\Market.WebForms.csproj", "{AD7ABB96-3A35-4EAE-8D46-5D26CCBA6C49}"
EndProject
Global
	GlobalSection(SolutionConfigurationPlatforms) = preSolution
		Debug|Any CPU = Debug|Any CPU
		Release|Any CPU = Release|Any CPU
	EndGlobalSection
	GlobalSection(ProjectConfigurationPlatforms) = postSolution
		{AD7ABB96-3A35-4EAE-8D46-5D26CCBA6C49}.Debug|Any CPU.ActiveCfg = Debug|Any CPU
		{AD7ABB96-3A35-4EAE-8D46-5D26CCBA6C49}.Debug|Any CPU.Build.0 = Debug|Any CPU
		{AD7ABB96-3A35-4EAE-8D46-5D26CCBA6C49}.Release|Any CPU.ActiveCfg = Release|Any CPU
		{AD7ABB96-3A35-4EAE-8D46-5D26CCBA6C49}.Release|Any CPU.Build.0 = Release|Any CPU
	EndGlobalSection
	GlobalSection(SolutionProperties) = preSolution
		HideSolutionNode = FALSE
	EndGlobalSection
	GlobalSection(ExtensibilityGlobals) = postSolution
		SolutionGuid = {C675D571-DF64-4BF6-8700-85C4F1CC2BD0}
	EndGlobalSection
EndGlobal
